<?xml version="1.0" encoding="utf-8"?>
<Project ToolsVersion="4.0" xmlns="http://schemas.microsoft.com/developer/msbuild/2003">
  <ItemGroup>
    <Filter Include="源文件">
      <UniqueIdentifier>{4FC737F1-C7A5-4376-A066-2A32D752A2FF}</UniqueIdentifier>
      <Extensions>cpp;c;cc;cxx;def;odl;idl;hpj;bat;asm;asmx</Extensions>
    </Filter>
    <Filter Include="头文件">
      <UniqueIdentifier>{93995380-89BD-4b04-88EB-625FBE52EBFB}</UniqueIdentifier>
      <Extensions>h;hh;hpp;hxx;hm;inl;inc;ipp;xsd</Extensions>
    </Filter>
    <Filter Include="资源文件">
      <UniqueIdentifier>{67DA6AB6-F800-4c08-8B7A-83BB121AAD01}</UniqueIdentifier>
      <Extensions>rc;ico;cur;bmp;dlg;rc2;rct;bin;rgs;gif;jpg;jpeg;jpe;resx;tiff;tif;png;wav;mfcribbon-ms</Extensions>
    </Filter>
  </ItemGroup>
  <ItemGroup>
    <ClInclude Include="pch.h">
      <Filter>头文件</Filter>
    </ClInclude>
  </ItemGroup>
  <ItemGroup>
    <ClCompile Include="pch.cpp">
      <Filter>源文件</Filter>
    </ClCompile>
    <ClCompile Include="数据结构仓库.cpp">
      <Filter>源文件</Filter>
    </ClCompile>
    <ClCompile Include="treap.cpp">
      <Filter>源文件</Filter>
    </ClCompile>
    <ClCompile Include="Red_Black_Tree.cpp">
      <Filter>源文件</Filter>
    </ClCompile>
    <ClCompile Include="树链剖分2.cpp">
      <Filter>源文件</Filter>
    </ClCompile>
    <ClCompile Include="划分树.cpp">
      <Filter>源文件</Filter>
    </ClCompile>
    <ClCompile Include="线段树.cpp">
      <Filter>源文件</Filter>
    </ClCompile>
    <ClCompile Include="LCT.cpp">
      <Filter>源文件</Filter>
    </ClCompile>
    <ClCompile Include="树上启发式合并.cpp">
      <Filter>源文件</Filter>
    </ClCompile>
    <ClCompile Include="斐波那契堆.cpp">
      <Filter>源文件</Filter>
    </ClCompile>
    <ClCompile Include="hash_map.cpp">
      <Filter>源文件</Filter>
    </ClCompile>
    <ClCompile Include="树的直径.cpp">
      <Filter>源文件</Filter>
    </ClCompile>
    <ClCompile Include="替罪羊树.cpp">
      <Filter>源文件</Filter>
    </ClCompile>
    <ClCompile Include="珂朵莉树.cpp">
      <Filter>源文件</Filter>
    </ClCompile>
    <ClCompile Include="splay.cpp">
      <Filter>源文件</Filter>
    </ClCompile>
    <ClCompile Include="可持久化线段树.cpp">
      <Filter>源文件</Filter>
    </ClCompile>
    <ClCompile Include="点分治.cpp">
      <Filter>源文件</Filter>
    </ClCompile>
    <ClCompile Include="倍增.cpp">
      <Filter>源文件</Filter>
    </ClCompile>
    <ClCompile Include="二维树状数组.cpp">
      <Filter>源文件</Filter>
    </ClCompile>
    <ClCompile Include="二维线段树.cpp">
      <Filter>源文件</Filter>
    </ClCompile>
    <ClCompile Include="kd树.cpp">
      <Filter>源文件</Filter>
    </ClCompile>
    <ClCompile Include="点分树+重构树.cpp">
      <Filter>源文件</Filter>
    </ClCompile>
    <ClCompile Include="边分 静态+动态.cpp">
      <Filter>源文件</Filter>
    </ClCompile>
    <ClCompile Include="01trie.cpp">
      <Filter>源文件</Filter>
    </ClCompile>
    <ClCompile Include="点分树LCA_MIN_MAX.cpp">
      <Filter>源文件</Filter>
    </ClCompile>
    <ClCompile Include="异或-01trie.cpp">
      <Filter>源文件</Filter>
    </ClCompile>
    <ClCompile Include="可持久化01trie.cpp">
      <Filter>源文件</Filter>
    </ClCompile>
    <ClCompile Include="ST表.cpp">
      <Filter>源文件</Filter>
    </ClCompile>
    <ClCompile Include="线性基.cpp">
      <Filter>源文件</Filter>
    </ClCompile>
    <ClCompile Include="线段树维护hash.cpp">
      <Filter>源文件</Filter>
    </ClCompile>
    <ClCompile Include="替罪羊维护小于前缀和为k的rank.cpp">
      <Filter>源文件</Filter>
    </ClCompile>
    <ClCompile Include="经典操作还带回收的treap.cpp">
      <Filter>源文件</Filter>
    </ClCompile>
    <ClCompile Include="treap单点修改，k位前缀和.cpp">
      <Filter>源文件</Filter>
    </ClCompile>
    <ClCompile Include="指针线段树.cpp">
      <Filter>源文件</Filter>
    </ClCompile>
    <ClCompile Include="纯treap.cpp">
      <Filter>源文件</Filter>
    </ClCompile>
    <ClCompile Include="可持久化权值01trie.cpp">
      <Filter>源文件</Filter>
    </ClCompile>
  </ItemGroup>
</Project>